
Microsoft Visual Studio Solution File, Format Version 12.00
# Visual Studio 15
VisualStudioVersion = 15.0.28010.2046
MinimumVisualStudioVersion = 10.0.40219.1
Project("{2150E333-8FDC-42A3-9474-1A3956D46DE8}") = "1-Services", "1-Services", "{E7265E2C-B38E-4C9D-8728-27383DAB024E}"
EndProject
Project("{2150E333-8FDC-42A3-9474-1A3956D46DE8}") = "2-Applications", "2-Applications", "{4C675C1B-7EB5-4003-B034-EDE0D9BA3D47}"
EndProject
Project("{2150E333-8FDC-42A3-9474-1A3956D46DE8}") = "3-Domain", "3-Domain", "{C7E376D4-21EC-4904-8378-52B68A995572}"
EndProject
Project("{2150E333-8FDC-42A3-9474-1A3956D46DE8}") = "4-Infra", "4-Infra", "{DB66F94D-CE0B-4480-A4C8-95E82B822D31}"
EndProject
Project("{2150E333-8FDC-42A3-9474-1A3956D46DE8}") = "4.1-Data", "4.1-Data", "{3DD02BE2-3CF1-48CF-8079-2C4C4F713209}"
EndProject
Project("{2150E333-8FDC-42A3-9474-1A3956D46DE8}") = "4.2-CrossCutting", "4.2-CrossCutting", "{26439CD7-0B80-407A-9C2D-4C8FFEF81965}"
EndProject
Project("{FAE04EC0-301F-11D3-BF4B-00C04F79EFBC}") = "Cedro.Domain", "src\Cedro.Domain\Cedro.Domain.csproj", "{9712DCEC-7E0B-4F87-9642-7C22E2516181}"
EndProject
Project("{FAE04EC0-301F-11D3-BF4B-00C04F79EFBC}") = "Cedro.Domain.Core", "src\Cedro.Domain.Core\Cedro.Domain.Core.csproj", "{95B1032B-30CC-41BA-9823-F7B105F3A33C}"
EndProject
Project("{FAE04EC0-301F-11D3-BF4B-00C04F79EFBC}") = "Cedro.Infra.Data", "src\Cedro.Infra.Data\Cedro.Infra.Data.csproj", "{880B0B51-9F09-4AB2-845D-31163342CD7F}"
EndProject
Project("{FAE04EC0-301F-11D3-BF4B-00C04F79EFBC}") = "Cedro.Infra.CrossCutting.IoC", "src\Cedro.Infra.CrossCutting.IoC\Cedro.Infra.CrossCutting.IoC.csproj", "{FFCD2947-440F-45F3-B5EB-9979FF1B854E}"
EndProject
Project("{FAE04EC0-301F-11D3-BF4B-00C04F79EFBC}") = "Cedro.Application", "src\Cedro.Application\Cedro.Application.csproj", "{59C2C564-67B1-49C4-BD88-7AAC15E5C77B}"
EndProject
Project("{FAE04EC0-301F-11D3-BF4B-00C04F79EFBC}") = "Cedro.Api", "src\Cedro.Api\Cedro.Api.csproj", "{80F9B4D0-5C34-4401-AFB1-899115ED68CA}"
EndProject
Project("{2150E333-8FDC-42A3-9474-1A3956D46DE8}") = "0-Presentations", "0-Presentations", "{9031DB1E-E984-42EF-8F85-A58C5260E55A}"
EndProject
Project("{FAE04EC0-301F-11D3-BF4B-00C04F79EFBC}") = "Cedro.Web", "Cedro.Web\Cedro.Web.csproj", "{63CD7629-6EE9-4C4D-A44A-C0863E3D2AAE}"
EndProject
Global
	GlobalSection(SolutionConfigurationPlatforms) = preSolution
		Debug|Any CPU = Debug|Any CPU
		Release|Any CPU = Release|Any CPU
	EndGlobalSection
	GlobalSection(ProjectConfigurationPlatforms) = postSolution
		{9712DCEC-7E0B-4F87-9642-7C22E2516181}.Debug|Any CPU.ActiveCfg = Debug|Any CPU
		{9712DCEC-7E0B-4F87-9642-7C22E2516181}.Debug|Any CPU.Build.0 = Debug|Any CPU
		{9712DCEC-7E0B-4F87-9642-7C22E2516181}.Release|Any CPU.ActiveCfg = Release|Any CPU
		{9712DCEC-7E0B-4F87-9642-7C22E2516181}.Release|Any CPU.Build.0 = Release|Any CPU
		{95B1032B-30CC-41BA-9823-F7B105F3A33C}.Debug|Any CPU.ActiveCfg = Debug|Any CPU
		{95B1032B-30CC-41BA-9823-F7B105F3A33C}.Debug|Any CPU.Build.0 = Debug|Any CPU
		{95B1032B-30CC-41BA-9823-F7B105F3A33C}.Release|Any CPU.ActiveCfg = Release|Any CPU
		{95B1032B-30CC-41BA-9823-F7B105F3A33C}.Release|Any CPU.Build.0 = Release|Any CPU
		{880B0B51-9F09-4AB2-845D-31163342CD7F}.Debug|Any CPU.ActiveCfg = Debug|Any CPU
		{880B0B51-9F09-4AB2-845D-31163342CD7F}.Debug|Any CPU.Build.0 = Debug|Any CPU
		{880B0B51-9F09-4AB2-845D-31163342CD7F}.Release|Any CPU.ActiveCfg = Release|Any CPU
		{880B0B51-9F09-4AB2-845D-31163342CD7F}.Release|Any CPU.Build.0 = Release|Any CPU
		{FFCD2947-440F-45F3-B5EB-9979FF1B854E}.Debug|Any CPU.ActiveCfg = Debug|Any CPU
		{FFCD2947-440F-45F3-B5EB-9979FF1B854E}.Debug|Any CPU.Build.0 = Debug|Any CPU
		{FFCD2947-440F-45F3-B5EB-9979FF1B854E}.Release|Any CPU.ActiveCfg = Release|Any CPU
		{FFCD2947-440F-45F3-B5EB-9979FF1B854E}.Release|Any CPU.Build.0 = Release|Any CPU
		{59C2C564-67B1-49C4-BD88-7AAC15E5C77B}.Debug|Any CPU.ActiveCfg = Debug|Any CPU
		{59C2C564-67B1-49C4-BD88-7AAC15E5C77B}.Debug|Any CPU.Build.0 = Debug|Any CPU
		{59C2C564-67B1-49C4-BD88-7AAC15E5C77B}.Release|Any CPU.ActiveCfg = Release|Any CPU
		{59C2C564-67B1-49C4-BD88-7AAC15E5C77B}.Release|Any CPU.Build.0 = Release|Any CPU
		{80F9B4D0-5C34-4401-AFB1-899115ED68CA}.Debug|Any CPU.ActiveCfg = Debug|Any CPU
		{80F9B4D0-5C34-4401-AFB1-899115ED68CA}.Debug|Any CPU.Build.0 = Debug|Any CPU
		{80F9B4D0-5C34-4401-AFB1-899115ED68CA}.Release|Any CPU.ActiveCfg = Release|Any CPU
		{80F9B4D0-5C34-4401-AFB1-899115ED68CA}.Release|Any CPU.Build.0 = Release|Any CPU
		{63CD7629-6EE9-4C4D-A44A-C0863E3D2AAE}.Debug|Any CPU.ActiveCfg = Debug|Any CPU
		{63CD7629-6EE9-4C4D-A44A-C0863E3D2AAE}.Debug|Any CPU.Build.0 = Debug|Any CPU
		{63CD7629-6EE9-4C4D-A44A-C0863E3D2AAE}.Release|Any CPU.ActiveCfg = Release|Any CPU
		{63CD7629-6EE9-4C4D-A44A-C0863E3D2AAE}.Release|Any CPU.Build.0 = Release|Any CPU
	EndGlobalSection
	GlobalSection(SolutionProperties) = preSolution
		HideSolutionNode = FALSE
	EndGlobalSection
	GlobalSection(NestedProjects) = preSolution
		{3DD02BE2-3CF1-48CF-8079-2C4C4F713209} = {DB66F94D-CE0B-4480-A4C8-95E82B822D31}
		{26439CD7-0B80-407A-9C2D-4C8FFEF81965} = {DB66F94D-CE0B-4480-A4C8-95E82B822D31}
		{9712DCEC-7E0B-4F87-9642-7C22E2516181} = {C7E376D4-21EC-4904-8378-52B68A995572}
		{95B1032B-30CC-41BA-9823-F7B105F3A33C} = {C7E376D4-21EC-4904-8378-52B68A995572}
		{880B0B51-9F09-4AB2-845D-31163342CD7F} = {3DD02BE2-3CF1-48CF-8079-2C4C4F713209}
		{FFCD2947-440F-45F3-B5EB-9979FF1B854E} = {26439CD7-0B80-407A-9C2D-4C8FFEF81965}
		{59C2C564-67B1-49C4-BD88-7AAC15E5C77B} = {4C675C1B-7EB5-4003-B034-EDE0D9BA3D47}
		{80F9B4D0-5C34-4401-AFB1-899115ED68CA} = {E7265E2C-B38E-4C9D-8728-27383DAB024E}
		{63CD7629-6EE9-4C4D-A44A-C0863E3D2AAE} = {9031DB1E-E984-42EF-8F85-A58C5260E55A}
	EndGlobalSection
	GlobalSection(ExtensibilityGlobals) = postSolution
		SolutionGuid = {DBF905AA-DFD0-46C5-BFE4-69C3926E5DB4}
	EndGlobalSection
EndGlobal
